<?xml version="1.0" encoding="utf-8"?>
<Project ToolsVersion="4.0" xmlns="http://schemas.microsoft.com/developer/msbuild/2003">
  <ItemGroup>
    <Filter Include="Source Files">
      <UniqueIdentifier>{4FC737F1-C7A5-4376-A066-2A32D752A2FF}</UniqueIdentifier>
      <Extensions>cpp;c;cc;cxx;c++;cppm;ixx;def;odl;idl;hpj;bat;asm;asmx</Extensions>
    </Filter>
    <Filter Include="Header Files">
      <UniqueIdentifier>{93995380-89BD-4b04-88EB-625FBE52EBFB}</UniqueIdentifier>
      <Extensions>h;hh;hpp;hxx;h++;hm;inl;inc;ipp;xsd</Extensions>
    </Filter>
    <Filter Include="Resource Files">
      <UniqueIdentifier>{67DA6AB6-F800-4c08-8B7A-83BB121AAD01}</UniqueIdentifier>
      <Extensions>rc;ico;cur;bmp;dlg;rc2;rct;bin;rgs;gif;jpg;jpeg;jpe;resx;tiff;tif;png;wav;mfcribbon-ms</Extensions>
    </Filter>
  </ItemGroup>
  <ItemGroup>
    <ClCompile Include="src\main.cpp">
      <Filter>Source Files</Filter>
    </ClCompile>
    <ClCompile Include="src\config\Config.cpp">
      <Filter>Source Files</Filter>
    </ClCompile>
    <ClCompile Include="src\log\Logger.cpp">
      <Filter>Source Files</Filter>
    </ClCompile>
    <ClCompile Include="src\requests\reddit\FetchSubredditPostsRequest.cpp">
      <Filter>Source Files</Filter>
    </ClCompile>
    <ClCompile Include="src\requests\DownloadRequest.cpp">
      <Filter>Source Files</Filter>
    </ClCompile>
    <ClCompile Include="src\services\RedditService.cpp">
      <Filter>Source Files</Filter>
    </ClCompile>
    <ClCompile Include="src\app\App.cpp">
      <Filter>Source Files</Filter>
    </ClCompile>
    <ClCompile Include="src\imgui\imgui.cpp">
      <Filter>Source Files</Filter>
    </ClCompile>
    <ClCompile Include="src\imgui\imgui_draw.cpp">
      <Filter>Source Files</Filter>
    </ClCompile>
    <ClCompile Include="src\imgui\imgui_impl_opengl3.cpp">
      <Filter>Source Files</Filter>
    </ClCompile>
    <ClCompile Include="src\imgui\imgui_widgets.cpp">
      <Filter>Source Files</Filter>
    </ClCompile>
    <ClCompile Include="src\imgui\imgui_demo.cpp">
      <Filter>Source Files</Filter>
    </ClCompile>
    <ClCompile Include="src\imgui\imgui_tables.cpp">
      <Filter>Source Files</Filter>
    </ClCompile>
    <ClCompile Include="src\imgui\imgui_impl_glfw.cpp">
      <Filter>Source Files</Filter>
    </ClCompile>
    <ClCompile Include="src\ui\FrontEnd.cpp">
      <Filter>Source Files</Filter>
    </ClCompile>
    <ClCompile Include="src\async\ThreadPool.cpp">
      <Filter>Source Files</Filter>
    </ClCompile>
    <ClCompile Include="src\log\FrontEndLogger.cpp">
      <Filter>Source Files</Filter>
    </ClCompile>
    <ClCompile Include="src\io\JsonFile.cpp">
      <Filter>Source Files</Filter>
    </ClCompile>
    <ClCompile Include="src\requests\reddit\AuthenticationRequest.cpp">
      <Filter>Source Files</Filter>
    </ClCompile>
    <ClCompile Include="src\services\TumblrService.cpp">
      <Filter>Source Files</Filter>
    </ClCompile>
    <ClCompile Include="src\requests\tumblr\RetrievePublishedPostsRequest.cpp">
      <Filter>Source Files</Filter>
    </ClCompile>
    <ClCompile Include="src\services\FourChanService.cpp">
      <Filter>Source Files</Filter>
    </ClCompile>
    <ClCompile Include="src\requests\fourchan\GetBoardsRequest.cpp">
      <Filter>Source Files</Filter>
    </ClCompile>
    <ClCompile Include="src\requests\fourchan\GetThreadsRequest.cpp">
      <Filter>Source Files</Filter>
    </ClCompile>
  </ItemGroup>
  <ItemGroup>
    <ClInclude Include="include\curlpp\cURLpp.hpp">
      <Filter>Header Files</Filter>
    </ClInclude>
    <ClInclude Include="include\curlpp\Easy.hpp">
      <Filter>Header Files</Filter>
    </ClInclude>
    <ClInclude Include="include\curlpp\Exception.hpp">
      <Filter>Header Files</Filter>
    </ClInclude>
    <ClInclude Include="include\curlpp\Form.hpp">
      <Filter>Header Files</Filter>
    </ClInclude>
    <ClInclude Include="include\curlpp\Info.hpp">
      <Filter>Header Files</Filter>
    </ClInclude>
    <ClInclude Include="include\curlpp\Infos.hpp">
      <Filter>Header Files</Filter>
    </ClInclude>
    <ClInclude Include="include\curlpp\Multi.hpp">
      <Filter>Header Files</Filter>
    </ClInclude>
    <ClInclude Include="include\curlpp\Option.hpp">
      <Filter>Header Files</Filter>
    </ClInclude>
    <ClInclude Include="include\curlpp\OptionBase.hpp">
      <Filter>Header Files</Filter>
    </ClInclude>
    <ClInclude Include="include\curlpp\Options.hpp">
      <Filter>Header Files</Filter>
    </ClInclude>
    <ClInclude Include="include\curlpp\Types.hpp">
      <Filter>Header Files</Filter>
    </ClInclude>
    <ClInclude Include="include\utilspp\clone_ptr.hpp">
      <Filter>Header Files</Filter>
    </ClInclude>
    <ClInclude Include="include\utilspp\EmptyType.hpp">
      <Filter>Header Files</Filter>
    </ClInclude>
    <ClInclude Include="include\utilspp\NonCopyable.hpp">
      <Filter>Header Files</Filter>
    </ClInclude>
    <ClInclude Include="include\utilspp\NullType.hpp">
      <Filter>Header Files</Filter>
    </ClInclude>
    <ClInclude Include="include\utilspp\SmartPtr.hpp">
      <Filter>Header Files</Filter>
    </ClInclude>
    <ClInclude Include="include\utilspp\ThreadingFactoryMutex.hpp">
      <Filter>Header Files</Filter>
    </ClInclude>
    <ClInclude Include="include\utilspp\ThreadingSingle.hpp">
      <Filter>Header Files</Filter>
    </ClInclude>
    <ClInclude Include="include\utilspp\TypeList.hpp">
      <Filter>Header Files</Filter>
    </ClInclude>
    <ClInclude Include="include\utilspp\TypeTrait.hpp">
      <Filter>Header Files</Filter>
    </ClInclude>
    <ClInclude Include="include\curl\curl.h">
      <Filter>Header Files</Filter>
    </ClInclude>
    <ClInclude Include="include\curl\curlver.h">
      <Filter>Header Files</Filter>
    </ClInclude>
    <ClInclude Include="include\curl\easy.h">
      <Filter>Header Files</Filter>
    </ClInclude>
    <ClInclude Include="include\curl\header.h">
      <Filter>Header Files</Filter>
    </ClInclude>
    <ClInclude Include="include\curl\mprintf.h">
      <Filter>Header Files</Filter>
    </ClInclude>
    <ClInclude Include="include\curl\multi.h">
      <Filter>Header Files</Filter>
    </ClInclude>
    <ClInclude Include="include\curl\options.h">
      <Filter>Header Files</Filter>
    </ClInclude>
    <ClInclude Include="include\curl\stdcheaders.h">
      <Filter>Header Files</Filter>
    </ClInclude>
    <ClInclude Include="include\curl\system.h">
      <Filter>Header Files</Filter>
    </ClInclude>
    <ClInclude Include="include\curl\typecheck-gcc.h">
      <Filter>Header Files</Filter>
    </ClInclude>
    <ClInclude Include="include\curl\urlapi.h">
      <Filter>Header Files</Filter>
    </ClInclude>
    <ClInclude Include="include\curl\websockets.h">
      <Filter>Header Files</Filter>
    </ClInclude>
    <ClInclude Include="include\curlpp\internal\CurlHandle.hpp">
      <Filter>Header Files</Filter>
    </ClInclude>
    <ClInclude Include="include\curlpp\internal\OptionContainer.hpp">
      <Filter>Header Files</Filter>
    </ClInclude>
    <ClInclude Include="include\curlpp\internal\OptionContainerType.hpp">
      <Filter>Header Files</Filter>
    </ClInclude>
    <ClInclude Include="include\curlpp\internal\OptionList.hpp">
      <Filter>Header Files</Filter>
    </ClInclude>
    <ClInclude Include="include\curlpp\internal\OptionSetter.hpp">
      <Filter>Header Files</Filter>
    </ClInclude>
    <ClInclude Include="include\curlpp\internal\SList.hpp">
      <Filter>Header Files</Filter>
    </ClInclude>
    <ClInclude Include="include\config\Config.h">
      <Filter>Header Files</Filter>
    </ClInclude>
    <ClInclude Include="include\log\Logger.h">
      <Filter>Header Files</Filter>
    </ClInclude>
    <ClInclude Include="include\traits\TypeTraits.h">
      <Filter>Header Files</Filter>
    </ClInclude>
    <ClInclude Include="include\nlohmann\json.hpp">
      <Filter>Header Files</Filter>
    </ClInclude>
    <ClInclude Include="include\requests\Request.h">
      <Filter>Header Files</Filter>
    </ClInclude>
    <ClInclude Include="include\requests\reddit\FetchSubredditPostsRequest.h">
      <Filter>Header Files</Filter>
    </ClInclude>
    <ClInclude Include="include\requests\DownloadRequest.h">
      <Filter>Header Files</Filter>
    </ClInclude>
    <ClInclude Include="include\utils\DownloadUtils.h">
      <Filter>Header Files</Filter>
    </ClInclude>
    <ClInclude Include="include\requests\RequestTypes.h">
      <Filter>Header Files</Filter>
    </ClInclude>
    <ClInclude Include="include\requests\DownloadRequestTypes.h">
      <Filter>Header Files</Filter>
    </ClInclude>
    <ClInclude Include="include\services\RedditService.h">
      <Filter>Header Files</Filter>
    </ClInclude>
    <ClInclude Include="include\app\App.h">
      <Filter>Header Files</Filter>
    </ClInclude>
    <ClInclude Include="include\services\Service.h">
      <Filter>Header Files</Filter>
    </ClInclude>
    <ClInclude Include="include\async\ThreadPool.h">
      <Filter>Header Files</Filter>
    </ClInclude>
    <ClInclude Include="include\imgui\imconfig.h">
      <Filter>Header Files</Filter>
    </ClInclude>
    <ClInclude Include="include\imgui\imgui.h">
      <Filter>Header Files</Filter>
    </ClInclude>
    <ClInclude Include="include\imgui\imgui_impl_glfw.h">
      <Filter>Header Files</Filter>
    </ClInclude>
    <ClInclude Include="include\imgui\imgui_impl_opengl3.h">
      <Filter>Header Files</Filter>
    </ClInclude>
    <ClInclude Include="include\imgui\imgui_internal.h">
      <Filter>Header Files</Filter>
    </ClInclude>
    <ClInclude Include="include\imgui\imstb_rectpack.h">
      <Filter>Header Files</Filter>
    </ClInclude>
    <ClInclude Include="include\imgui\imstb_textedit.h">
      <Filter>Header Files</Filter>
    </ClInclude>
    <ClInclude Include="include\imgui\imstb_truetype.h">
      <Filter>Header Files</Filter>
    </ClInclude>
    <ClInclude Include="include\imgui\imgui_impl_opengl3_loader.h">
      <Filter>Header Files</Filter>
    </ClInclude>
    <ClInclude Include="include\GLFW\glfw3.h">
      <Filter>Header Files</Filter>
    </ClInclude>
    <ClInclude Include="include\GLFW\glfw3native.h">
      <Filter>Header Files</Filter>
    </ClInclude>
    <ClInclude Include="include\ui\FrontEnd.h">
      <Filter>Header Files</Filter>
    </ClInclude>
    <ClInclude Include="include\log\LoggerBase.h">
      <Filter>Header Files</Filter>
    </ClInclude>
    <ClInclude Include="include\log\FrontEndLogger.h">
      <Filter>Header Files</Filter>
    </ClInclude>
    <ClInclude Include="include\collections\RingBuffer.h">
      <Filter>Header Files</Filter>
    </ClInclude>
    <ClInclude Include="include\log\DevLogger.h">
      <Filter>Header Files</Filter>
    </ClInclude>
    <ClInclude Include="include\log\ConsoleLogger.h">
      <Filter>Header Files</Filter>
    </ClInclude>
    <ClInclude Include="include\async\TaskManager.h">
      <Filter>Header Files</Filter>
    </ClInclude>
    <ClInclude Include="include\io\JsonFile.h">
      <Filter>Header Files</Filter>
    </ClInclude>
    <ClInclude Include="include\utils\StringUtils.h">
      <Filter>Header Files</Filter>
    </ClInclude>
    <ClInclude Include="include\utils\EncryptionUtils.h">
      <Filter>Header Files</Filter>
    </ClInclude>
    <ClInclude Include="include\requests\reddit\AuthenticationRequest.h">
      <Filter>Header Files</Filter>
    </ClInclude>
    <ClInclude Include="include\cppcodec\data\access.hpp">
      <Filter>Header Files</Filter>
    </ClInclude>
    <ClInclude Include="include\cppcodec\data\raw_result_buffer.hpp">
      <Filter>Header Files</Filter>
    </ClInclude>
    <ClInclude Include="include\cppcodec\detail\base32.hpp">
      <Filter>Header Files</Filter>
    </ClInclude>
    <ClInclude Include="include\cppcodec\detail\base64.hpp">
      <Filter>Header Files</Filter>
    </ClInclude>
    <ClInclude Include="include\cppcodec\detail\codec.hpp">
      <Filter>Header Files</Filter>
    </ClInclude>
    <ClInclude Include="include\cppcodec\detail\config.hpp">
      <Filter>Header Files</Filter>
    </ClInclude>
    <ClInclude Include="include\cppcodec\detail\hex.hpp">
      <Filter>Header Files</Filter>
    </ClInclude>
    <ClInclude Include="include\cppcodec\detail\stream_codec.hpp">
      <Filter>Header Files</Filter>
    </ClInclude>
    <ClInclude Include="include\cppcodec\base32_crockford.hpp">
      <Filter>Header Files</Filter>
    </ClInclude>
    <ClInclude Include="include\cppcodec\base32_default_crockford.hpp">
      <Filter>Header Files</Filter>
    </ClInclude>
    <ClInclude Include="include\cppcodec\base32_default_hex.hpp">
      <Filter>Header Files</Filter>
    </ClInclude>
    <ClInclude Include="include\cppcodec\base32_default_rfc4648.hpp">
      <Filter>Header Files</Filter>
    </ClInclude>
    <ClInclude Include="include\cppcodec\base32_hex.hpp">
      <Filter>Header Files</Filter>
    </ClInclude>
    <ClInclude Include="include\cppcodec\base32_rfc4648.hpp">
      <Filter>Header Files</Filter>
    </ClInclude>
    <ClInclude Include="include\cppcodec\base64_default_rfc4648.hpp">
      <Filter>Header Files</Filter>
    </ClInclude>
    <ClInclude Include="include\cppcodec\base64_default_url.hpp">
      <Filter>Header Files</Filter>
    </ClInclude>
    <ClInclude Include="include\cppcodec\base64_default_url_unpadded.hpp">
      <Filter>Header Files</Filter>
    </ClInclude>
    <ClInclude Include="include\cppcodec\base64_rfc4648.hpp">
      <Filter>Header Files</Filter>
    </ClInclude>
    <ClInclude Include="include\cppcodec\base64_url.hpp">
      <Filter>Header Files</Filter>
    </ClInclude>
    <ClInclude Include="include\cppcodec\base64_url_unpadded.hpp">
      <Filter>Header Files</Filter>
    </ClInclude>
    <ClInclude Include="include\cppcodec\hex_default_lower.hpp">
      <Filter>Header Files</Filter>
    </ClInclude>
    <ClInclude Include="include\cppcodec\hex_default_upper.hpp">
      <Filter>Header Files</Filter>
    </ClInclude>
    <ClInclude Include="include\cppcodec\hex_lower.hpp">
      <Filter>Header Files</Filter>
    </ClInclude>
    <ClInclude Include="include\cppcodec\hex_upper.hpp">
      <Filter>Header Files</Filter>
    </ClInclude>
    <ClInclude Include="include\cppcodec\parse_error.hpp">
      <Filter>Header Files</Filter>
    </ClInclude>
    <ClInclude Include="include\services\ServiceOptionTypes.h">
      <Filter>Header Files</Filter>
    </ClInclude>
    <ClInclude Include="include\services\TumblrService.h">
      <Filter>Header Files</Filter>
    </ClInclude>
    <ClInclude Include="include\requests\tumblr\RetrievePublishedPostsRequest.h">
      <Filter>Header Files</Filter>
    </ClInclude>
    <ClInclude Include="include\services\FourChanService.h">
      <Filter>Header Files</Filter>
    </ClInclude>
    <ClInclude Include="include\requests\fourchan\GetBoardsRequest.h">
      <Filter>Header Files</Filter>
    </ClInclude>
    <ClInclude Include="include\requests\fourchan\GetThreadsRequest.h">
      <Filter>Header Files</Filter>
    </ClInclude>
  </ItemGroup>
  <ItemGroup>
    <None Include="include\curlpp\Easy.inl">
      <Filter>Header Files</Filter>
    </None>
    <None Include="include\curlpp\Info.inl">
      <Filter>Header Files</Filter>
    </None>
    <None Include="include\curlpp\Option.inl">
      <Filter>Header Files</Filter>
    </None>
    <None Include="include\utilspp\ThreadingFactoryMutex.inl">
      <Filter>Header Files</Filter>
    </None>
    <None Include="include\utilspp\ThreadingSingle.inl">
      <Filter>Header Files</Filter>
    </None>
    <None Include="include\curlpp\internal\CurlHandle.inl">
      <Filter>Header Files</Filter>
    </None>
    <None Include="include\curlpp\internal\OptionContainer.inl">
      <Filter>Header Files</Filter>
    </None>
    <None Include="include\curlpp\internal\OptionSetter.inl">
      <Filter>Header Files</Filter>
    </None>
    <None Include="data\config.json" />
  </ItemGroup>
</Project>